// !$*UTF8*$!
{
	archiveVersion = 1;
	classes = {
	};
	objectVersion = 56;
	objects = {

/* Begin PBXBuildFile section */
		7512E8DF2DDCAB6C004C2AAE /* MainTabView.swift in Sources */ = {isa = PBXBuildFile; fileRef = 7512E8DE2DDCAB6C004C2AAE /* MainTabView.swift */; };
		7512E8E12DDCABFB004C2AAE /* HabitsView.swift in Sources */ = {isa = PBXBuildFile; fileRef = 7512E8E02DDCABFB004C2AAE /* HabitsView.swift */; };
		7512E8E32DDCAC16004C2AAE /* RewardsView.swift in Sources */ = {isa = PBXBuildFile; fileRef = 7512E8E22DDCAC16004C2AAE /* RewardsView.swift */; };
		7512E8E52DDCAC2F004C2AAE /* PointsHistoryView.swift in Sources */ = {isa = PBXBuildFile; fileRef = 7512E8E42DDCAC2F004C2AAE /* PointsHistoryView.swift */; };
		7512E8E72DDCAE0C004C2AAE /* Habit.swift in Sources */ = {isa = PBXBuildFile; fileRef = 7512E8E62DDCAE0C004C2AAE /* Habit.swift */; };
		7512E8E92DDCAE14004C2AAE /* Reward.swift in Sources */ = {isa = PBXBuildFile; fileRef = 7512E8E82DDCAE14004C2AAE /* Reward.swift */; };
		7512E8EB2DDCAE1F004C2AAE /* DailyPoints.swift in Sources */ = {isa = PBXBuildFile; fileRef = 7512E8EA2DDCAE1F004C2AAE /* DailyPoints.swift */; };
		7512E8ED2DDCAF77004C2AAE /* AppData.swift in Sources */ = {isa = PBXBuildFile; fileRef = 7512E8EC2DDCAF77004C2AAE /* AppData.swift */; };
		7512E8EF2DDCC08A004C2AAE /* AddHabitView.swift in Sources */ = {isa = PBXBuildFile; fileRef = 7512E8EE2DDCC08A004C2AAE /* AddHabitView.swift */; };
		7512E8F12DDCC1BD004C2AAE /* CompletionCircleView.swift in Sources */ = {isa = PBXBuildFile; fileRef = 7512E8F02DDCC1BD004C2AAE /* CompletionCircleView.swift */; };
		7512E8F32DDCC4B8004C2AAE /* AddRewardView.swift in Sources */ = {isa = PBXBuildFile; fileRef = 7512E8F22DDCC4B8004C2AAE /* AddRewardView.swift */; };
		75FA7D912DCB5DD3006671AF /* HabitGameApp.swift in Sources */ = {isa = PBXBuildFile; fileRef = 75FA7D902DCB5DD3006671AF /* HabitGameApp.swift */; };
		75FA7D952DCB5DD5006671AF /* Assets.xcassets in Resources */ = {isa = PBXBuildFile; fileRef = 75FA7D942DCB5DD5006671AF /* Assets.xcassets */; };
		75FA7D982DCB5DD5006671AF /* Preview Assets.xcassets in Resources */ = {isa = PBXBuildFile; fileRef = 75FA7D972DCB5DD5006671AF /* Preview Assets.xcassets */; };
/* End PBXBuildFile section */

/* Begin PBXFileReference section */
		7512E8DE2DDCAB6C004C2AAE /* MainTabView.swift */ = {isa = PBXFileReference; lastKnownFileType = sourcecode.swift; path = MainTabView.swift; sourceTree = "<group>"; };
		7512E8E02DDCABFB004C2AAE /* HabitsView.swift */ = {isa = PBXFileReference; lastKnownFileType = sourcecode.swift; path = HabitsView.swift; sourceTree = "<group>"; };
		7512E8E22DDCAC16004C2AAE /* RewardsView.swift */ = {isa = PBXFileReference; lastKnownFileType = sourcecode.swift; path = RewardsView.swift; sourceTree = "<group>"; };
		7512E8E42DDCAC2F004C2AAE /* PointsHistoryView.swift */ = {isa = PBXFileReference; lastKnownFileType = sourcecode.swift; path = PointsHistoryView.swift; sourceTree = "<group>"; };
		7512E8E62DDCAE0C004C2AAE /* Habit.swift */ = {isa = PBXFileReference; lastKnownFileType = sourcecode.swift; path = Habit.swift; sourceTree = "<group>"; };
		7512E8E82DDCAE14004C2AAE /* Reward.swift */ = {isa = PBXFileReference; lastKnownFileType = sourcecode.swift; path = Reward.swift; sourceTree = "<group>"; };
		7512E8EA2DDCAE1F004C2AAE /* DailyPoints.swift */ = {isa = PBXFileReference; lastKnownFileType = sourcecode.swift; path = DailyPoints.swift; sourceTree = "<group>"; };
		7512E8EC2DDCAF77004C2AAE /* AppData.swift */ = {isa = PBXFileReference; lastKnownFileType = sourcecode.swift; path = AppData.swift; sourceTree = "<group>"; };
		7512E8EE2DDCC08A004C2AAE /* AddHabitView.swift */ = {isa = PBXFileReference; lastKnownFileType = sourcecode.swift; path = AddHabitView.swift; sourceTree = "<group>"; };
		7512E8F02DDCC1BD004C2AAE /* CompletionCircleView.swift */ = {isa = PBXFileReference; lastKnownFileType = sourcecode.swift; path = CompletionCircleView.swift; sourceTree = "<group>"; };
		7512E8F22DDCC4B8004C2AAE /* AddRewardView.swift */ = {isa = PBXFileReference; lastKnownFileType = sourcecode.swift; path = AddRewardView.swift; sourceTree = "<group>"; };
		75FA7D8D2DCB5DD3006671AF /* HabitGame.app */ = {isa = PBXFileReference; explicitFileType = wrapper.application; includeInIndex = 0; path = HabitGame.app; sourceTree = BUILT_PRODUCTS_DIR; };
		75FA7D902DCB5DD3006671AF /* HabitGameApp.swift */ = {isa = PBXFileReference; lastKnownFileType = sourcecode.swift; path = HabitGameApp.swift; sourceTree = "<group>"; };
		75FA7D942DCB5DD5006671AF /* Assets.xcassets */ = {isa = PBXFileReference; lastKnownFileType = folder.assetcatalog; path = Assets.xcassets; sourceTree = "<group>"; };
		75FA7D972DCB5DD5006671AF /* Preview Assets.xcassets */ = {isa = PBXFileReference; lastKnownFileType = folder.assetcatalog; path = "Preview Assets.xcassets"; sourceTree = "<group>"; };
/* End PBXFileReference section */

/* Begin PBXFrameworksBuildPhase section */
		75FA7D8A2DCB5DD3006671AF /* Frameworks */ = {
			isa = PBXFrameworksBuildPhase;
			buildActionMask = 2147483647;
			files = (
			);
			runOnlyForDeploymentPostprocessing = 0;
		};
/* End PBXFrameworksBuildPhase section */

/* Begin PBXGroup section */
		75FA7D842DCB5DD3006671AF = {
			isa = PBXGroup;
			children = (
				75FA7D8F2DCB5DD3006671AF /* HabitGame */,
				75FA7D8E2DCB5DD3006671AF /* Products */,
			);
			sourceTree = "<group>";
		};
		75FA7D8E2DCB5DD3006671AF /* Products */ = {
			isa = PBXGroup;
			children = (
				75FA7D8D2DCB5DD3006671AF /* HabitGame.app */,
			);
			name = Products;
			sourceTree = "<group>";
		};
		75FA7D8F2DCB5DD3006671AF /* HabitGame */ = {
			isa = PBXGroup;
			children = (
				75FA7D9F2DCB6078006671AF /* Views */,
				75FA7D9E2DCB605C006671AF /* Models */,
				75FA7D902DCB5DD3006671AF /* HabitGameApp.swift */,
				7512E8EC2DDCAF77004C2AAE /* AppData.swift */,
				75FA7D942DCB5DD5006671AF /* Assets.xcassets */,
				75FA7D962DCB5DD5006671AF /* Preview Content */,
			);
			path = HabitGame;
			sourceTree = "<group>";
		};
		75FA7D962DCB5DD5006671AF /* Preview Content */ = {
			isa = PBXGroup;
			children = (
				75FA7D972DCB5DD5006671AF /* Preview Assets.xcassets */,
			);
			path = "Preview Content";
			sourceTree = "<group>";
		};
		75FA7D9E2DCB605C006671AF /* Models */ = {
			isa = PBXGroup;
			children = (
				7512E8E62DDCAE0C004C2AAE /* Habit.swift */,
				7512E8E82DDCAE14004C2AAE /* Reward.swift */,
				7512E8EA2DDCAE1F004C2AAE /* DailyPoints.swift */,
			);
			path = Models;
			sourceTree = "<group>";
		};
		75FA7D9F2DCB6078006671AF /* Views */ = {
			isa = PBXGroup;
			children = (
				7512E8DE2DDCAB6C004C2AAE /* MainTabView.swift */,
				7512E8E02DDCABFB004C2AAE /* HabitsView.swift */,
				7512E8E22DDCAC16004C2AAE /* RewardsView.swift */,
				7512E8E42DDCAC2F004C2AAE /* PointsHistoryView.swift */,
				7512E8EE2DDCC08A004C2AAE /* AddHabitView.swift */,
				7512E8F02DDCC1BD004C2AAE /* CompletionCircleView.swift */,
				7512E8F22DDCC4B8004C2AAE /* AddRewardView.swift */,
			);
			path = Views;
			sourceTree = "<group>";
		};
/* End PBXGroup section */

/* Begin PBXNativeTarget section */
		75FA7D8C2DCB5DD3006671AF /* HabitGame */ = {
			isa = PBXNativeTarget;
			buildConfigurationList = 75FA7D9B2DCB5DD5006671AF /* Build configuration list for PBXNativeTarget "HabitGame" */;
			buildPhases = (
				75FA7D892DCB5DD3006671AF /* Sources */,
				75FA7D8A2DCB5DD3006671AF /* Frameworks */,
				75FA7D8B2DCB5DD3006671AF /* Resources */,
			);
			buildRules = (
			);
			dependencies = (
			);
			name = HabitGame;
			productName = HabitGame;
			productReference = 75FA7D8D2DCB5DD3006671AF /* HabitGame.app */;
			productType = "com.apple.product-type.application";
		};
/* End PBXNativeTarget section */

/* Begin PBXProject section */
		75FA7D852DCB5DD3006671AF /* Project object */ = {
			isa = PBXProject;
			attributes = {
				BuildIndependentTargetsInParallel = 1;
				LastSwiftUpdateCheck = 1540;
				LastUpgradeCheck = 1540;
				TargetAttributes = {
					75FA7D8C2DCB5DD3006671AF = {
						CreatedOnToolsVersion = 15.4;
					};
				};
			};
			buildConfigurationList = 75FA7D882DCB5DD3006671AF /* Build configuration list for PBXProject "HabitGame" */;
			compatibilityVersion = "Xcode 14.0";
			developmentRegion = en;
			hasScannedForEncodings = 0;
			knownRegions = (
				en,
				Base,
			);
			mainGroup = 75FA7D842DCB5DD3006671AF;
			productRefGroup = 75FA7D8E2DCB5DD3006671AF /* Products */;
			projectDirPath = "";
			projectRoot = "";
			targets = (
				75FA7D8C2DCB5DD3006671AF /* HabitGame */,
			);
		};
/* End PBXProject section */

/* Begin PBXResourcesBuildPhase section */
		75FA7D8B2DCB5DD3006671AF /* Resources */ = {
			isa = PBXResourcesBuildPhase;
			buildActionMask = 2147483647;
			files = (
				75FA7D982DCB5DD5006671AF /* Preview Assets.xcassets in Resources */,
				75FA7D952DCB5DD5006671AF /* Assets.xcassets in Resources */,
			);
			runOnlyForDeploymentPostprocessing = 0;
		};
/* End PBXResourcesBuildPhase section */

/* Begin PBXSourcesBuildPhase section */
		75FA7D892DCB5DD3006671AF /* Sources */ = {
			isa = PBXSourcesBuildPhase;
			buildActionMask = 2147483647;
			files = (
				7512E8F12DDCC1BD004C2AAE /* CompletionCircleView.swift in Sources */,
				7512E8EB2DDCAE1F004C2AAE /* DailyPoints.swift in Sources */,
				7512E8E72DDCAE0C004C2AAE /* Habit.swift in Sources */,
				7512E8F32DDCC4B8004C2AAE /* AddRewardView.swift in Sources */,
				75FA7D912DCB5DD3006671AF /* HabitGameApp.swift in Sources */,
				7512E8E12DDCABFB004C2AAE /* HabitsView.swift in Sources */,
				7512E8DF2DDCAB6C004C2AAE /* MainTabView.swift in Sources */,
				7512E8E92DDCAE14004C2AAE /* Reward.swift in Sources */,
				7512E8E52DDCAC2F004C2AAE /* PointsHistoryView.swift in Sources */,
				7512E8E32DDCAC16004C2AAE /* RewardsView.swift in Sources */,
				7512E8ED2DDCAF77004C2AAE /* AppData.swift in Sources */,
				7512E8EF2DDCC08A004C2AAE /* AddHabitView.swift in Sources */,
			);
			runOnlyForDeploymentPostprocessing = 0;
		};
/* End PBXSourcesBuildPhase section */

/* Begin XCBuildConfiguration section */
		75FA7D992DCB5DD5006671AF /* Debug */ = {
			isa = XCBuildConfiguration;
			buildSettings = {
				ALWAYS_SEARCH_USER_PATHS = NO;
				ASSETCATALOG_COMPILER_GENERATE_SWIFT_ASSET_SYMBOL_EXTENSIONS = YES;
				CLANG_ANALYZER_NONNULL = YES;
				CLANG_ANALYZER_NUMBER_OBJECT_CONVERSION = YES_AGGRESSIVE;
				CLANG_CXX_LANGUAGE_STANDARD = "gnu++20";
				CLANG_ENABLE_MODULES = YES;
				CLANG_ENABLE_OBJC_ARC = YES;
				CLANG_ENABLE_OBJC_WEAK = YES;
				CLANG_WARN_BLOCK_CAPTURE_AUTORELEASING = YES;
				CLANG_WARN_BOOL_CONVERSION = YES;
				CLANG_WARN_COMMA = YES;
				CLANG_WARN_CONSTANT_CONVERSION = YES;
				CLANG_WARN_DEPRECATED_OBJC_IMPLEMENTATIONS = YES;
				CLANG_WARN_DIRECT_OBJC_ISA_USAGE = YES_ERROR;
				CLANG_WARN_DOCUMENTATION_COMMENTS = YES;
				CLANG_WARN_EMPTY_BODY = YES;
				CLANG_WARN_ENUM_CONVERSION = YES;
				CLANG_WARN_INFINITE_RECURSION = YES;
				CLANG_WARN_INT_CONVERSION = YES;
				CLANG_WARN_NON_LITERAL_NULL_CONVERSION = YES;
				CLANG_WARN_OBJC_IMPLICIT_RETAIN_SELF = YES;
				CLANG_WARN_OBJC_LITERAL_CONVERSION = YES;
				CLANG_WARN_OBJC_ROOT_CLASS = YES_ERROR;
				CLANG_WARN_QUOTED_INCLUDE_IN_FRAMEWORK_HEADER = YES;
				CLANG_WARN_RANGE_LOOP_ANALYSIS = YES;
				CLANG_WARN_STRICT_PROTOTYPES = YES;
				CLANG_WARN_SUSPICIOUS_MOVE = YES;
				CLANG_WARN_UNGUARDED_AVAILABILITY = YES_AGGRESSIVE;
				CLANG_WARN_UNREACHABLE_CODE = YES;
				CLANG_WARN__DUPLICATE_METHOD_MATCH = YES;
				COPY_PHASE_STRIP = NO;
				DEBUG_INFORMATION_FORMAT = dwarf;
				ENABLE_STRICT_OBJC_MSGSEND = YES;
				ENABLE_TESTABILITY = YES;
				ENABLE_USER_SCRIPT_SANDBOXING = YES;
				GCC_C_LANGUAGE_STANDARD = gnu17;
				GCC_DYNAMIC_NO_PIC = NO;
				GCC_NO_COMMON_BLOCKS = YES;
				GCC_OPTIMIZATION_LEVEL = 0;
				GCC_PREPROCESSOR_DEFINITIONS = (
					"DEBUG=1",
					"$(inherited)",
				);
				GCC_WARN_64_TO_32_BIT_CONVERSION = YES;
				GCC_WARN_ABOUT_RETURN_TYPE = YES_ERROR;
				GCC_WARN_UNDECLARED_SELECTOR = YES;
				GCC_WARN_UNINITIALIZED_AUTOS = YES_AGGRESSIVE;
				GCC_WARN_UNUSED_FUNCTION = YES;
				GCC_WARN_UNUSED_VARIABLE = YES;
				IPHONEOS_DEPLOYMENT_TARGET = 17.5;
				LOCALIZATION_PREFERS_STRING_CATALOGS = YES;
				MTL_ENABLE_DEBUG_INFO = INCLUDE_SOURCE;
				MTL_FAST_MATH = YES;
				ONLY_ACTIVE_ARCH = YES;
				SDKROOT = iphoneos;
				SWIFT_ACTIVE_COMPILATION_CONDITIONS = "DEBUG $(inherited)";
				SWIFT_OPTIMIZATION_LEVEL = "-Onone";
			};
			name = Debug;
		};
		75FA7D9A2DCB5DD5006671AF /* Release */ = {
			isa = XCBuildConfiguration;
			buildSettings = {
				ALWAYS_SEARCH_USER_PATHS = NO;
				ASSETCATALOG_COMPILER_GENERATE_SWIFT_ASSET_SYMBOL_EXTENSIONS = YES;
				CLANG_ANALYZER_NONNULL = YES;
				CLANG_ANALYZER_NUMBER_OBJECT_CONVERSION = YES_AGGRESSIVE;
				CLANG_CXX_LANGUAGE_STANDARD = "gnu++20";
				CLANG_ENABLE_MODULES = YES;
				CLANG_ENABLE_OBJC_ARC = YES;
				CLANG_ENABLE_OBJC_WEAK = YES;
				CLANG_WARN_BLOCK_CAPTURE_AUTORELEASING = YES;
				CLANG_WARN_BOOL_CONVERSION = YES;
				CLANG_WARN_COMMA = YES;
				CLANG_WARN_CONSTANT_CONVERSION = YES;
				CLANG_WARN_DEPRECATED_OBJC_IMPLEMENTATIONS = YES;
				CLANG_WARN_DIRECT_OBJC_ISA_USAGE = YES_ERROR;
				CLANG_WARN_DOCUMENTATION_COMMENTS = YES;
				CLANG_WARN_EMPTY_BODY = YES;
				CLANG_WARN_ENUM_CONVERSION = YES;
				CLANG_WARN_INFINITE_RECURSION = YES;
				CLANG_WARN_INT_CONVERSION = YES;
				CLANG_WARN_NON_LITERAL_NULL_CONVERSION = YES;
				CLANG_WARN_OBJC_IMPLICIT_RETAIN_SELF = YES;
				CLANG_WARN_OBJC_LITERAL_CONVERSION = YES;
				CLANG_WARN_OBJC_ROOT_CLASS = YES_ERROR;
				CLANG_WARN_QUOTED_INCLUDE_IN_FRAMEWORK_HEADER = YES;
				CLANG_WARN_RANGE_LOOP_ANALYSIS = YES;
				CLANG_WARN_STRICT_PROTOTYPES = YES;
				CLANG_WARN_SUSPICIOUS_MOVE = YES;
				CLANG_WARN_UNGUARDED_AVAILABILITY = YES_AGGRESSIVE;
				CLANG_WARN_UNREACHABLE_CODE = YES;
				CLANG_WARN__DUPLICATE_METHOD_MATCH = YES;
				COPY_PHASE_STRIP = NO;
				DEBUG_INFORMATION_FORMAT = "dwarf-with-dsym";
				ENABLE_NS_ASSERTIONS = NO;
				ENABLE_STRICT_OBJC_MSGSEND = YES;
				ENABLE_USER_SCRIPT_SANDBOXING = YES;
				GCC_C_LANGUAGE_STANDARD = gnu17;
				GCC_NO_COMMON_BLOCKS = YES;
				GCC_WARN_64_TO_32_BIT_CONVERSION = YES;
				GCC_WARN_ABOUT_RETURN_TYPE = YES_ERROR;
				GCC_WARN_UNDECLARED_SELECTOR = YES;
				GCC_WARN_UNINITIALIZED_AUTOS = YES_AGGRESSIVE;
				GCC_WARN_UNUSED_FUNCTION = YES;
				GCC_WARN_UNUSED_VARIABLE = YES;
				IPHONEOS_DEPLOYMENT_TARGET = 17.5;
				LOCALIZATION_PREFERS_STRING_CATALOGS = YES;
				MTL_ENABLE_DEBUG_INFO = NO;
				MTL_FAST_MATH = YES;
				SDKROOT = iphoneos;
				SWIFT_COMPILATION_MODE = wholemodule;
				VALIDATE_PRODUCT = YES;
			};
			name = Release;
		};
		75FA7D9C2DCB5DD5006671AF /* Debug */ = {
			isa = XCBuildConfiguration;
			buildSettings = {
				ASSETCATALOG_COMPILER_APPICON_NAME = AppIcon;
				ASSETCATALOG_COMPILER_GLOBAL_ACCENT_COLOR_NAME = AccentColor;
				CODE_SIGN_STYLE = Automatic;
				CURRENT_PROJECT_VERSION = 1;
				DEVELOPMENT_ASSET_PATHS = "\"HabitGame/Preview Content\"";
				ENABLE_PREVIEWS = YES;
				GENERATE_INFOPLIST_FILE = YES;
				INFOPLIST_KEY_UIApplicationSceneManifest_Generation = YES;
				INFOPLIST_KEY_UIApplicationSupportsIndirectInputEvents = YES;
				INFOPLIST_KEY_UILaunchScreen_Generation = YES;
				INFOPLIST_KEY_UISupportedInterfaceOrientations_iPad = "UIInterfaceOrientationPortrait UIInterfaceOrientationPortraitUpsideDown UIInterfaceOrientationLandscapeLeft UIInterfaceOrientationLandscapeRight";
				INFOPLIST_KEY_UISupportedInterfaceOrientations_iPhone = "UIInterfaceOrientationPortrait UIInterfaceOrientationLandscapeLeft UIInterfaceOrientationLandscapeRight";
				LD_RUNPATH_SEARCH_PATHS = (
					"$(inherited)",
					"@executable_path/Frameworks",
				);
				MARKETING_VERSION = 1.0;
				PRODUCT_BUNDLE_IDENTIFIER = fr.omaraval.HabitGame;
				PRODUCT_NAME = "$(TARGET_NAME)";
				SWIFT_EMIT_LOC_STRINGS = YES;
				SWIFT_VERSION = 5.0;
				TARGETED_DEVICE_FAMILY = "1,2";
			};
			name = Debug;
		};
		75FA7D9D2DCB5DD5006671AF /* Release */ = {
			isa = XCBuildConfiguration;
			buildSettings = {
				ASSETCATALOG_COMPILER_APPICON_NAME = AppIcon;
				ASSETCATALOG_COMPILER_GLOBAL_ACCENT_COLOR_NAME = AccentColor;
				CODE_SIGN_STYLE = Automatic;
				CURRENT_PROJECT_VERSION = 1;
				DEVELOPMENT_ASSET_PATHS = "\"HabitGame/Preview Content\"";
				ENABLE_PREVIEWS = YES;
				GENERATE_INFOPLIST_FILE = YES;
				INFOPLIST_KEY_UIApplicationSceneManifest_Generation = YES;
				INFOPLIST_KEY_UIApplicationSupportsIndirectInputEvents = YES;
				INFOPLIST_KEY_UILaunchScreen_Generation = YES;
				INFOPLIST_KEY_UISupportedInterfaceOrientations_iPad = "UIInterfaceOrientationPortrait UIInterfaceOrientationPortraitUpsideDown UIInterfaceOrientationLandscapeLeft UIInterfaceOrientationLandscapeRight";
				INFOPLIST_KEY_UISupportedInterfaceOrientations_iPhone = "UIInterfaceOrientationPortrait UIInterfaceOrientationLandscapeLeft UIInterfaceOrientationLandscapeRight";
				LD_RUNPATH_SEARCH_PATHS = (
					"$(inherited)",
					"@executable_path/Frameworks",
				);
				MARKETING_VERSION = 1.0;
				PRODUCT_BUNDLE_IDENTIFIER = fr.omaraval.HabitGame;
				PRODUCT_NAME = "$(TARGET_NAME)";
				SWIFT_EMIT_LOC_STRINGS = YES;
				SWIFT_VERSION = 5.0;
				TARGETED_DEVICE_FAMILY = "1,2";
			};
			name = Release;
		};
/* End XCBuildConfiguration section */

/* Begin XCConfigurationList section */
		75FA7D882DCB5DD3006671AF /* Build configuration list for PBXProject "HabitGame" */ = {
			isa = XCConfigurationList;
			buildConfigurations = (
				75FA7D992DCB5DD5006671AF /* Debug */,
				75FA7D9A2DCB5DD5006671AF /* Release */,
			);
			defaultConfigurationIsVisible = 0;
			defaultConfigurationName = Release;
		};
		75FA7D9B2DCB5DD5006671AF /* Build configuration list for PBXNativeTarget "HabitGame" */ = {
			isa = XCConfigurationList;
			buildConfigurations = (
				75FA7D9C2DCB5DD5006671AF /* Debug */,
				75FA7D9D2DCB5DD5006671AF /* Release */,
			);
			defaultConfigurationIsVisible = 0;
			defaultConfigurationName = Release;
		};
/* End XCConfigurationList section */
	};
	rootObject = 75FA7D852DCB5DD3006671AF /* Project object */;
}
